
Microsoft Visual Studio Solution File, Format Version 12.00
# Visual Studio Version 17
VisualStudioVersion = 17.1.32319.34
MinimumVisualStudioVersion = 10.0.40219.1
Project("{9A19103F-16F7-4668-BE54-9A1E7A4F7556}") = "Assignment", "Assignment\Assignment.csproj", "{7741A044-CCB6-494B-BC6C-777F00B2ECD9}"
EndProject
Project("{9A19103F-16F7-4668-BE54-9A1E7A4F7556}") = "DAL", "DAL\DAL.csproj", "{BCC0785F-ECA7-49E4-9D48-4F1EB211A174}"
EndProject
Project("{FAE04EC0-301F-11D3-BF4B-00C04F79EFBC}") = "Tests", "Tests\Tests.csproj", "{513C2AD0-6437-414B-89CC-65F0ECD672B7}"
EndProject
Global
	GlobalSection(SolutionConfigurationPlatforms) = preSolution
		Debug|Any CPU = Debug|Any CPU
		Release|Any CPU = Release|Any CPU
	EndGlobalSection
	GlobalSection(ProjectConfigurationPlatforms) = postSolution
		{7741A044-CCB6-494B-BC6C-777F00B2ECD9}.Debug|Any CPU.ActiveCfg = Debug|Any CPU
		{7741A044-CCB6-494B-BC6C-777F00B2ECD9}.Debug|Any CPU.Build.0 = Debug|Any CPU
		{7741A044-CCB6-494B-BC6C-777F00B2ECD9}.Release|Any CPU.ActiveCfg = Release|Any CPU
		{7741A044-CCB6-494B-BC6C-777F00B2ECD9}.Release|Any CPU.Build.0 = Release|Any CPU
		{BCC0785F-ECA7-49E4-9D48-4F1EB211A174}.Debug|Any CPU.ActiveCfg = Debug|Any CPU
		{BCC0785F-ECA7-49E4-9D48-4F1EB211A174}.Debug|Any CPU.Build.0 = Debug|Any CPU
		{BCC0785F-ECA7-49E4-9D48-4F1EB211A174}.Release|Any CPU.ActiveCfg = Release|Any CPU
		{BCC0785F-ECA7-49E4-9D48-4F1EB211A174}.Release|Any CPU.Build.0 = Release|Any CPU
		{513C2AD0-6437-414B-89CC-65F0ECD672B7}.Debug|Any CPU.ActiveCfg = Debug|Any CPU
		{513C2AD0-6437-414B-89CC-65F0ECD672B7}.Debug|Any CPU.Build.0 = Debug|Any CPU
		{513C2AD0-6437-414B-89CC-65F0ECD672B7}.Release|Any CPU.ActiveCfg = Release|Any CPU
		{513C2AD0-6437-414B-89CC-65F0ECD672B7}.Release|Any CPU.Build.0 = Release|Any CPU
	EndGlobalSection
	GlobalSection(SolutionProperties) = preSolution
		HideSolutionNode = FALSE
	EndGlobalSection
	GlobalSection(ExtensibilityGlobals) = postSolution
		SolutionGuid = {9C7874AF-EAB9-46D1-BDCC-B1818336DE45}
	EndGlobalSection
EndGlobal
